
Microsoft Visual Studio Solution File, Format Version 12.00
# Visual Studio 15
VisualStudioVersion = 15.0.28010.2036
MinimumVisualStudioVersion = 10.0.40219.1
Project("{FAE04EC0-301F-11D3-BF4B-00C04F79EFBC}") = "App01_ConsultarCEP.Android", "App01_ConsultarCEP\App01_ConsultarCEP.Android\App01_ConsultarCEP.Android.csproj", "{1FC168C1-9CE1-437D-BD00-34C25C0CD139}"
EndProject
Project("{FAE04EC0-301F-11D3-BF4B-00C04F79EFBC}") = "App01_ConsultarCEP.iOS", "App01_ConsultarCEP\App01_ConsultarCEP.iOS\App01_ConsultarCEP.iOS.csproj", "{FB5CF55A-3023-4E11-A3AA-E8216A0DE06B}"
EndProject
Project("{FAE04EC0-301F-11D3-BF4B-00C04F79EFBC}") = "App01_ConsultarCEP.UWP", "App01_ConsultarCEP\App01_ConsultarCEP.UWP\App01_ConsultarCEP.UWP.csproj", "{82B66920-ECC7-49AE-B665-2CB24F9AA93A}"
EndProject
Project("{FAE04EC0-301F-11D3-BF4B-00C04F79EFBC}") = "App01_ConsultarCEP", "App01_ConsultarCEP\App01_ConsultarCEP\App01_ConsultarCEP.csproj", "{6ED9E8D7-AD17-4F5A-96D9-9915E7CCFEAA}"
EndProject
Global
	GlobalSection(SolutionConfigurationPlatforms) = preSolution
		Ad-Hoc|Any CPU = Ad-Hoc|Any CPU
		Ad-Hoc|ARM = Ad-Hoc|ARM
		Ad-Hoc|iPhone = Ad-Hoc|iPhone
		Ad-Hoc|iPhoneSimulator = Ad-Hoc|iPhoneSimulator
		Ad-Hoc|x64 = Ad-Hoc|x64
		Ad-Hoc|x86 = Ad-Hoc|x86
		AppStore|Any CPU = AppStore|Any CPU
		AppStore|ARM = AppStore|ARM
		AppStore|iPhone = AppStore|iPhone
		AppStore|iPhoneSimulator = AppStore|iPhoneSimulator
		AppStore|x64 = AppStore|x64
		AppStore|x86 = AppStore|x86
		Debug|Any CPU = Debug|Any CPU
		Debug|ARM = Debug|ARM
		Debug|iPhone = Debug|iPhone
		Debug|iPhoneSimulator = Debug|iPhoneSimulator
		Debug|x64 = Debug|x64
		Debug|x86 = Debug|x86
		Release|Any CPU = Release|Any CPU
		Release|ARM = Release|ARM
		Release|iPhone = Release|iPhone
		Release|iPhoneSimulator = Release|iPhoneSimulator
		Release|x64 = Release|x64
		Release|x86 = Release|x86
	EndGlobalSection
	GlobalSection(ProjectConfigurationPlatforms) = postSolution
		{1FC168C1-9CE1-437D-BD00-34C25C0CD139}.Ad-Hoc|Any CPU.ActiveCfg = Release|Any CPU
		{1FC168C1-9CE1-437D-BD00-34C25C0CD139}.Ad-Hoc|Any CPU.Build.0 = Release|Any CPU
		{1FC168C1-9CE1-437D-BD00-34C25C0CD139}.Ad-Hoc|Any CPU.Deploy.0 = Release|Any CPU
		{1FC168C1-9CE1-437D-BD00-34C25C0CD139}.Ad-Hoc|ARM.ActiveCfg = Release|Any CPU
		{1FC168C1-9CE1-437D-BD00-34C25C0CD139}.Ad-Hoc|ARM.Build.0 = Release|Any CPU
		{1FC168C1-9CE1-437D-BD00-34C25C0CD139}.Ad-Hoc|ARM.Deploy.0 = Release|Any CPU
		{1FC168C1-9CE1-437D-BD00-34C25C0CD139}.Ad-Hoc|iPhone.ActiveCfg = Release|Any CPU
		{1FC168C1-9CE1-437D-BD00-34C25C0CD139}.Ad-Hoc|iPhone.Build.0 = Release|Any CPU
		{1FC168C1-9CE1-437D-BD00-34C25C0CD139}.Ad-Hoc|iPhone.Deploy.0 = Release|Any CPU
		{1FC168C1-9CE1-437D-BD00-34C25C0CD139}.Ad-Hoc|iPhoneSimulator.ActiveCfg = Release|Any CPU
		{1FC168C1-9CE1-437D-BD00-34C25C0CD139}.Ad-Hoc|iPhoneSimulator.Build.0 = Release|Any CPU
		{1FC168C1-9CE1-437D-BD00-34C25C0CD139}.Ad-Hoc|iPhoneSimulator.Deploy.0 = Release|Any CPU
		{1FC168C1-9CE1-437D-BD00-34C25C0CD139}.Ad-Hoc|x64.ActiveCfg = Release|Any CPU
		{1FC168C1-9CE1-437D-BD00-34C25C0CD139}.Ad-Hoc|x64.Build.0 = Release|Any CPU
		{1FC168C1-9CE1-437D-BD00-34C25C0CD139}.Ad-Hoc|x64.Deploy.0 = Release|Any CPU
		{1FC168C1-9CE1-437D-BD00-34C25C0CD139}.Ad-Hoc|x86.ActiveCfg = Release|Any CPU
		{1FC168C1-9CE1-437D-BD00-34C25C0CD139}.Ad-Hoc|x86.Build.0 = Release|Any CPU
		{1FC168C1-9CE1-437D-BD00-34C25C0CD139}.Ad-Hoc|x86.Deploy.0 = Release|Any CPU
		{1FC168C1-9CE1-437D-BD00-34C25C0CD139}.AppStore|Any CPU.ActiveCfg = Release|Any CPU
		{1FC168C1-9CE1-437D-BD00-34C25C0CD139}.AppStore|Any CPU.Build.0 = Release|Any CPU
		{1FC168C1-9CE1-437D-BD00-34C25C0CD139}.AppStore|Any CPU.Deploy.0 = Release|Any CPU
		{1FC168C1-9CE1-437D-BD00-34C25C0CD139}.AppStore|ARM.ActiveCfg = Release|Any CPU
		{1FC168C1-9CE1-437D-BD00-34C25C0CD139}.AppStore|ARM.Build.0 = Release|Any CPU
		{1FC168C1-9CE1-437D-BD00-34C25C0CD139}.AppStore|ARM.Deploy.0 = Release|Any CPU
		{1FC168C1-9CE1-437D-BD00-34C25C0CD139}.AppStore|iPhone.ActiveCfg = Release|Any CPU
		{1FC168C1-9CE1-437D-BD00-34C25C0CD139}.AppStore|iPhone.Build.0 = Release|Any CPU
		{1FC168C1-9CE1-437D-BD00-34C25C0CD139}.AppStore|iPhone.Deploy.0 = Release|Any CPU
		{1FC168C1-9CE1-437D-BD00-34C25C0CD139}.AppStore|iPhoneSimulator.ActiveCfg = Release|Any CPU
		{1FC168C1-9CE1-437D-BD00-34C25C0CD139}.AppStore|iPhoneSimulator.Build.0 = Release|Any CPU
		{1FC168C1-9CE1-437D-BD00-34C25C0CD139}.AppStore|iPhoneSimulator.Deploy.0 = Release|Any CPU
		{1FC168C1-9CE1-437D-BD00-34C25C0CD139}.AppStore|x64.ActiveCfg = Release|Any CPU
		{1FC168C1-9CE1-437D-BD00-34C25C0CD139}.AppStore|x64.Build.0 = Release|Any CPU
		{1FC168C1-9CE1-437D-BD00-34C25C0CD139}.AppStore|x64.Deploy.0 = Release|Any CPU
		{1FC168C1-9CE1-437D-BD00-34C25C0CD139}.AppStore|x86.ActiveCfg = Release|Any CPU
		{1FC168C1-9CE1-437D-BD00-34C25C0CD139}.AppStore|x86.Build.0 = Release|Any CPU
		{1FC168C1-9CE1-437D-BD00-34C25C0CD139}.AppStore|x86.Deploy.0 = Release|Any CPU
		{1FC168C1-9CE1-437D-BD00-34C25C0CD139}.Debug|Any CPU.ActiveCfg = Debug|Any CPU
		{1FC168C1-9CE1-437D-BD00-34C25C0CD139}.Debug|Any CPU.Build.0 = Debug|Any CPU
		{1FC168C1-9CE1-437D-BD00-34C25C0CD139}.Debug|Any CPU.Deploy.0 = Debug|Any CPU
		{1FC168C1-9CE1-437D-BD00-34C25C0CD139}.Debug|ARM.ActiveCfg = Debug|Any CPU
		{1FC168C1-9CE1-437D-BD00-34C25C0CD139}.Debug|ARM.Build.0 = Debug|Any CPU
		{1FC168C1-9CE1-437D-BD00-34C25C0CD139}.Debug|ARM.Deploy.0 = Debug|Any CPU
		{1FC168C1-9CE1-437D-BD00-34C25C0CD139}.Debug|iPhone.ActiveCfg = Debug|Any CPU
		{1FC168C1-9CE1-437D-BD00-34C25C0CD139}.Debug|iPhone.Build.0 = Debug|Any CPU
		{1FC168C1-9CE1-437D-BD00-34C25C0CD139}.Debug|iPhone.Deploy.0 = Debug|Any CPU
		{1FC168C1-9CE1-437D-BD00-34C25C0CD139}.Debug|iPhoneSimulator.ActiveCfg = Debug|Any CPU
		{1FC168C1-9CE1-437D-BD00-34C25C0CD139}.Debug|iPhoneSimulator.Build.0 = Debug|Any CPU
		{1FC168C1-9CE1-437D-BD00-34C25C0CD139}.Debug|iPhoneSimulator.Deploy.0 = Debug|Any CPU
		{1FC168C1-9CE1-437D-BD00-34C25C0CD139}.Debug|x64.ActiveCfg = Debug|Any CPU
		{1FC168C1-9CE1-437D-BD00-34C25C0CD139}.Debug|x64.Build.0 = Debug|Any CPU
		{1FC168C1-9CE1-437D-BD00-34C25C0CD139}.Debug|x64.Deploy.0 = Debug|Any CPU
		{1FC168C1-9CE1-437D-BD00-34C25C0CD139}.Debug|x86.ActiveCfg = Debug|Any CPU
		{1FC168C1-9CE1-437D-BD00-34C25C0CD139}.Debug|x86.Build.0 = Debug|Any CPU
		{1FC168C1-9CE1-437D-BD00-34C25C0CD139}.Debug|x86.Deploy.0 = Debug|Any CPU
		{1FC168C1-9CE1-437D-BD00-34C25C0CD139}.Release|Any CPU.ActiveCfg = Release|Any CPU
		{1FC168C1-9CE1-437D-BD00-34C25C0CD139}.Release|Any CPU.Build.0 = Release|Any CPU
		{1FC168C1-9CE1-437D-BD00-34C25C0CD139}.Release|Any CPU.Deploy.0 = Release|Any CPU
		{1FC168C1-9CE1-437D-BD00-34C25C0CD139}.Release|ARM.ActiveCfg = Release|Any CPU
		{1FC168C1-9CE1-437D-BD00-34C25C0CD139}.Release|ARM.Build.0 = Release|Any CPU
		{1FC168C1-9CE1-437D-BD00-34C25C0CD139}.Release|ARM.Deploy.0 = Release|Any CPU
		{1FC168C1-9CE1-437D-BD00-34C25C0CD139}.Release|iPhone.ActiveCfg = Release|Any CPU
		{1FC168C1-9CE1-437D-BD00-34C25C0CD139}.Release|iPhone.Build.0 = Release|Any CPU
		{1FC168C1-9CE1-437D-BD00-34C25C0CD139}.Release|iPhone.Deploy.0 = Release|Any CPU
		{1FC168C1-9CE1-437D-BD00-34C25C0CD139}.Release|iPhoneSimulator.ActiveCfg = Release|Any CPU
		{1FC168C1-9CE1-437D-BD00-34C25C0CD139}.Release|iPhoneSimulator.Build.0 = Release|Any CPU
		{1FC168C1-9CE1-437D-BD00-34C25C0CD139}.Release|iPhoneSimulator.Deploy.0 = Release|Any CPU
		{1FC168C1-9CE1-437D-BD00-34C25C0CD139}.Release|x64.ActiveCfg = Release|Any CPU
		{1FC168C1-9CE1-437D-BD00-34C25C0CD139}.Release|x64.Build.0 = Release|Any CPU
		{1FC168C1-9CE1-437D-BD00-34C25C0CD139}.Release|x64.Deploy.0 = Release|Any CPU
		{1FC168C1-9CE1-437D-BD00-34C25C0CD139}.Release|x86.ActiveCfg = Release|Any CPU
		{1FC168C1-9CE1-437D-BD00-34C25C0CD139}.Release|x86.Build.0 = Release|Any CPU
		{1FC168C1-9CE1-437D-BD00-34C25C0CD139}.Release|x86.Deploy.0 = Release|Any CPU
		{FB5CF55A-3023-4E11-A3AA-E8216A0DE06B}.Ad-Hoc|Any CPU.ActiveCfg = Ad-Hoc|iPhone
		{FB5CF55A-3023-4E11-A3AA-E8216A0DE06B}.Ad-Hoc|Any CPU.Build.0 = Ad-Hoc|iPhone
		{FB5CF55A-3023-4E11-A3AA-E8216A0DE06B}.Ad-Hoc|Any CPU.Deploy.0 = Ad-Hoc|iPhone
		{FB5CF55A-3023-4E11-A3AA-E8216A0DE06B}.Ad-Hoc|ARM.ActiveCfg = Ad-Hoc|iPhone
		{FB5CF55A-3023-4E11-A3AA-E8216A0DE06B}.Ad-Hoc|ARM.Build.0 = Ad-Hoc|iPhone
		{FB5CF55A-3023-4E11-A3AA-E8216A0DE06B}.Ad-Hoc|ARM.Deploy.0 = Ad-Hoc|iPhone
		{FB5CF55A-3023-4E11-A3AA-E8216A0DE06B}.Ad-Hoc|iPhone.ActiveCfg = Ad-Hoc|iPhone
		{FB5CF55A-3023-4E11-A3AA-E8216A0DE06B}.Ad-Hoc|iPhone.Build.0 = Ad-Hoc|iPhone
		{FB5CF55A-3023-4E11-A3AA-E8216A0DE06B}.Ad-Hoc|iPhone.Deploy.0 = Ad-Hoc|iPhone
		{FB5CF55A-3023-4E11-A3AA-E8216A0DE06B}.Ad-Hoc|iPhoneSimulator.ActiveCfg = Ad-Hoc|iPhoneSimulator
		{FB5CF55A-3023-4E11-A3AA-E8216A0DE06B}.Ad-Hoc|iPhoneSimulator.Build.0 = Ad-Hoc|iPhoneSimulator
		{FB5CF55A-3023-4E11-A3AA-E8216A0DE06B}.Ad-Hoc|iPhoneSimulator.Deploy.0 = Ad-Hoc|iPhoneSimulator
		{FB5CF55A-3023-4E11-A3AA-E8216A0DE06B}.Ad-Hoc|x64.ActiveCfg = Ad-Hoc|iPhone
		{FB5CF55A-3023-4E11-A3AA-E8216A0DE06B}.Ad-Hoc|x64.Build.0 = Ad-Hoc|iPhone
		{FB5CF55A-3023-4E11-A3AA-E8216A0DE06B}.Ad-Hoc|x64.Deploy.0 = Ad-Hoc|iPhone
		{FB5CF55A-3023-4E11-A3AA-E8216A0DE06B}.Ad-Hoc|x86.ActiveCfg = Ad-Hoc|iPhone
		{FB5CF55A-3023-4E11-A3AA-E8216A0DE06B}.Ad-Hoc|x86.Build.0 = Ad-Hoc|iPhone
		{FB5CF55A-3023-4E11-A3AA-E8216A0DE06B}.Ad-Hoc|x86.Deploy.0 = Ad-Hoc|iPhone
		{FB5CF55A-3023-4E11-A3AA-E8216A0DE06B}.AppStore|Any CPU.ActiveCfg = AppStore|iPhone
		{FB5CF55A-3023-4E11-A3AA-E8216A0DE06B}.AppStore|Any CPU.Build.0 = AppStore|iPhone
		{FB5CF55A-3023-4E11-A3AA-E8216A0DE06B}.AppStore|Any CPU.Deploy.0 = AppStore|iPhone
		{FB5CF55A-3023-4E11-A3AA-E8216A0DE06B}.AppStore|ARM.ActiveCfg = AppStore|iPhone
		{FB5CF55A-3023-4E11-A3AA-E8216A0DE06B}.AppStore|ARM.Build.0 = AppStore|iPhone
		{FB5CF55A-3023-4E11-A3AA-E8216A0DE06B}.AppStore|ARM.Deploy.0 = AppStore|iPhone
		{FB5CF55A-3023-4E11-A3AA-E8216A0DE06B}.AppStore|iPhone.ActiveCfg = AppStore|iPhone
		{FB5CF55A-3023-4E11-A3AA-E8216A0DE06B}.AppStore|iPhone.Build.0 = AppStore|iPhone
		{FB5CF55A-3023-4E11-A3AA-E8216A0DE06B}.AppStore|iPhone.Deploy.0 = AppStore|iPhone
		{FB5CF55A-3023-4E11-A3AA-E8216A0DE06B}.AppStore|iPhoneSimulator.ActiveCfg = AppStore|iPhoneSimulator
		{FB5CF55A-3023-4E11-A3AA-E8216A0DE06B}.AppStore|iPhoneSimulator.Build.0 = AppStore|iPhoneSimulator
		{FB5CF55A-3023-4E11-A3AA-E8216A0DE06B}.AppStore|iPhoneSimulator.Deploy.0 = AppStore|iPhoneSimulator
		{FB5CF55A-3023-4E11-A3AA-E8216A0DE06B}.AppStore|x64.ActiveCfg = AppStore|iPhone
		{FB5CF55A-3023-4E11-A3AA-E8216A0DE06B}.AppStore|x64.Build.0 = AppStore|iPhone
		{FB5CF55A-3023-4E11-A3AA-E8216A0DE06B}.AppStore|x64.Deploy.0 = AppStore|iPhone
		{FB5CF55A-3023-4E11-A3AA-E8216A0DE06B}.AppStore|x86.ActiveCfg = AppStore|iPhone
		{FB5CF55A-3023-4E11-A3AA-E8216A0DE06B}.AppStore|x86.Build.0 = AppStore|iPhone
		{FB5CF55A-3023-4E11-A3AA-E8216A0DE06B}.AppStore|x86.Deploy.0 = AppStore|iPhone
		{FB5CF55A-3023-4E11-A3AA-E8216A0DE06B}.Debug|Any CPU.ActiveCfg = Debug|iPhoneSimulator
		{FB5CF55A-3023-4E11-A3AA-E8216A0DE06B}.Debug|Any CPU.Build.0 = Debug|iPhoneSimulator
		{FB5CF55A-3023-4E11-A3AA-E8216A0DE06B}.Debug|Any CPU.Deploy.0 = Debug|iPhoneSimulator
		{FB5CF55A-3023-4E11-A3AA-E8216A0DE06B}.Debug|ARM.ActiveCfg = Debug|iPhone
		{FB5CF55A-3023-4E11-A3AA-E8216A0DE06B}.Debug|ARM.Build.0 = Debug|iPhone
		{FB5CF55A-3023-4E11-A3AA-E8216A0DE06B}.Debug|ARM.Deploy.0 = Debug|iPhone
		{FB5CF55A-3023-4E11-A3AA-E8216A0DE06B}.Debug|iPhone.ActiveCfg = Debug|iPhone
		{FB5CF55A-3023-4E11-A3AA-E8216A0DE06B}.Debug|iPhone.Build.0 = Debug|iPhone
		{FB5CF55A-3023-4E11-A3AA-E8216A0DE06B}.Debug|iPhone.Deploy.0 = Debug|iPhone
		{FB5CF55A-3023-4E11-A3AA-E8216A0DE06B}.Debug|iPhoneSimulator.ActiveCfg = Debug|iPhoneSimulator
		{FB5CF55A-3023-4E11-A3AA-E8216A0DE06B}.Debug|iPhoneSimulator.Build.0 = Debug|iPhoneSimulator
		{FB5CF55A-3023-4E11-A3AA-E8216A0DE06B}.Debug|iPhoneSimulator.Deploy.0 = Debug|iPhoneSimulator
		{FB5CF55A-3023-4E11-A3AA-E8216A0DE06B}.Debug|x64.ActiveCfg = Debug|iPhone
		{FB5CF55A-3023-4E11-A3AA-E8216A0DE06B}.Debug|x64.Build.0 = Debug|iPhone
		{FB5CF55A-3023-4E11-A3AA-E8216A0DE06B}.Debug|x64.Deploy.0 = Debug|iPhone
		{FB5CF55A-3023-4E11-A3AA-E8216A0DE06B}.Debug|x86.ActiveCfg = Debug|iPhone
		{FB5CF55A-3023-4E11-A3AA-E8216A0DE06B}.Debug|x86.Build.0 = Debug|iPhone
		{FB5CF55A-3023-4E11-A3AA-E8216A0DE06B}.Debug|x86.Deploy.0 = Debug|iPhone
		{FB5CF55A-3023-4E11-A3AA-E8216A0DE06B}.Release|Any CPU.ActiveCfg = Release|iPhone
		{FB5CF55A-3023-4E11-A3AA-E8216A0DE06B}.Release|Any CPU.Build.0 = Release|iPhone
		{FB5CF55A-3023-4E11-A3AA-E8216A0DE06B}.Release|Any CPU.Deploy.0 = Release|iPhone
		{FB5CF55A-3023-4E11-A3AA-E8216A0DE06B}.Release|ARM.ActiveCfg = Release|iPhone
		{FB5CF55A-3023-4E11-A3AA-E8216A0DE06B}.Release|ARM.Build.0 = Release|iPhone
		{FB5CF55A-3023-4E11-A3AA-E8216A0DE06B}.Release|ARM.Deploy.0 = Release|iPhone
		{FB5CF55A-3023-4E11-A3AA-E8216A0DE06B}.Release|iPhone.ActiveCfg = Release|iPhone
		{FB5CF55A-3023-4E11-A3AA-E8216A0DE06B}.Release|iPhone.Build.0 = Release|iPhone
		{FB5CF55A-3023-4E11-A3AA-E8216A0DE06B}.Release|iPhone.Deploy.0 = Release|iPhone
		{FB5CF55A-3023-4E11-A3AA-E8216A0DE06B}.Release|iPhoneSimulator.ActiveCfg = Release|iPhoneSimulator
		{FB5CF55A-3023-4E11-A3AA-E8216A0DE06B}.Release|iPhoneSimulator.Build.0 = Release|iPhoneSimulator
		{FB5CF55A-3023-4E11-A3AA-E8216A0DE06B}.Release|iPhoneSimulator.Deploy.0 = Release|iPhoneSimulator
		{FB5CF55A-3023-4E11-A3AA-E8216A0DE06B}.Release|x64.ActiveCfg = Release|iPhone
		{FB5CF55A-3023-4E11-A3AA-E8216A0DE06B}.Release|x64.Build.0 = Release|iPhone
		{FB5CF55A-3023-4E11-A3AA-E8216A0DE06B}.Release|x64.Deploy.0 = Release|iPhone
		{FB5CF55A-3023-4E11-A3AA-E8216A0DE06B}.Release|x86.ActiveCfg = Release|iPhone
		{FB5CF55A-3023-4E11-A3AA-E8216A0DE06B}.Release|x86.Build.0 = Release|iPhone
		{FB5CF55A-3023-4E11-A3AA-E8216A0DE06B}.Release|x86.Deploy.0 = Release|iPhone
		{82B66920-ECC7-49AE-B665-2CB24F9AA93A}.Ad-Hoc|Any CPU.ActiveCfg = Release|x86
		{82B66920-ECC7-49AE-B665-2CB24F9AA93A}.Ad-Hoc|Any CPU.Build.0 = Release|x86
		{82B66920-ECC7-49AE-B665-2CB24F9AA93A}.Ad-Hoc|Any CPU.Deploy.0 = Release|x86
		{82B66920-ECC7-49AE-B665-2CB24F9AA93A}.Ad-Hoc|ARM.ActiveCfg = Release|ARM
		{82B66920-ECC7-49AE-B665-2CB24F9AA93A}.Ad-Hoc|ARM.Build.0 = Release|ARM
		{82B66920-ECC7-49AE-B665-2CB24F9AA93A}.Ad-Hoc|ARM.Deploy.0 = Release|ARM
		{82B66920-ECC7-49AE-B665-2CB24F9AA93A}.Ad-Hoc|iPhone.ActiveCfg = Release|x86
		{82B66920-ECC7-49AE-B665-2CB24F9AA93A}.Ad-Hoc|iPhone.Build.0 = Release|x86
		{82B66920-ECC7-49AE-B665-2CB24F9AA93A}.Ad-Hoc|iPhone.Deploy.0 = Release|x86
		{82B66920-ECC7-49AE-B665-2CB24F9AA93A}.Ad-Hoc|iPhoneSimulator.ActiveCfg = Release|x86
		{82B66920-ECC7-49AE-B665-2CB24F9AA93A}.Ad-Hoc|iPhoneSimulator.Build.0 = Release|x86
		{82B66920-ECC7-49AE-B665-2CB24F9AA93A}.Ad-Hoc|iPhoneSimulator.Deploy.0 = Release|x86
		{82B66920-ECC7-49AE-B665-2CB24F9AA93A}.Ad-Hoc|x64.ActiveCfg = Release|x64
		{82B66920-ECC7-49AE-B665-2CB24F9AA93A}.Ad-Hoc|x64.Build.0 = Release|x64
		{82B66920-ECC7-49AE-B665-2CB24F9AA93A}.Ad-Hoc|x64.Deploy.0 = Release|x64
		{82B66920-ECC7-49AE-B665-2CB24F9AA93A}.Ad-Hoc|x86.ActiveCfg = Release|x86
		{82B66920-ECC7-49AE-B665-2CB24F9AA93A}.Ad-Hoc|x86.Build.0 = Release|x86
		{82B66920-ECC7-49AE-B665-2CB24F9AA93A}.Ad-Hoc|x86.Deploy.0 = Release|x86
		{82B66920-ECC7-49AE-B665-2CB24F9AA93A}.AppStore|Any CPU.ActiveCfg = Release|x86
		{82B66920-ECC7-49AE-B665-2CB24F9AA93A}.AppStore|Any CPU.Build.0 = Release|x86
		{82B66920-ECC7-49AE-B665-2CB24F9AA93A}.AppStore|Any CPU.Deploy.0 = Release|x86
		{82B66920-ECC7-49AE-B665-2CB24F9AA93A}.AppStore|ARM.ActiveCfg = Release|ARM
		{82B66920-ECC7-49AE-B665-2CB24F9AA93A}.AppStore|ARM.Build.0 = Release|ARM
		{82B66920-ECC7-49AE-B665-2CB24F9AA93A}.AppStore|ARM.Deploy.0 = Release|ARM
		{82B66920-ECC7-49AE-B665-2CB24F9AA93A}.AppStore|iPhone.ActiveCfg = Release|x86
		{82B66920-ECC7-49AE-B665-2CB24F9AA93A}.AppStore|iPhone.Build.0 = Release|x86
		{82B66920-ECC7-49AE-B665-2CB24F9AA93A}.AppStore|iPhone.Deploy.0 = Release|x86
		{82B66920-ECC7-49AE-B665-2CB24F9AA93A}.AppStore|iPhoneSimulator.ActiveCfg = Release|x86
		{82B66920-ECC7-49AE-B665-2CB24F9AA93A}.AppStore|iPhoneSimulator.Build.0 = Release|x86
		{82B66920-ECC7-49AE-B665-2CB24F9AA93A}.AppStore|iPhoneSimulator.Deploy.0 = Release|x86
		{82B66920-ECC7-49AE-B665-2CB24F9AA93A}.AppStore|x64.ActiveCfg = Release|x64
		{82B66920-ECC7-49AE-B665-2CB24F9AA93A}.AppStore|x64.Build.0 = Release|x64
		{82B66920-ECC7-49AE-B665-2CB24F9AA93A}.AppStore|x64.Deploy.0 = Release|x64
		{82B66920-ECC7-49AE-B665-2CB24F9AA93A}.AppStore|x86.ActiveCfg = Release|x86
		{82B66920-ECC7-49AE-B665-2CB24F9AA93A}.AppStore|x86.Build.0 = Release|x86
		{82B66920-ECC7-49AE-B665-2CB24F9AA93A}.AppStore|x86.Deploy.0 = Release|x86
		{82B66920-ECC7-49AE-B665-2CB24F9AA93A}.Debug|Any CPU.ActiveCfg = Debug|x86
		{82B66920-ECC7-49AE-B665-2CB24F9AA93A}.Debug|Any CPU.Build.0 = Debug|x86
		{82B66920-ECC7-49AE-B665-2CB24F9AA93A}.Debug|Any CPU.Deploy.0 = Debug|x86
		{82B66920-ECC7-49AE-B665-2CB24F9AA93A}.Debug|ARM.ActiveCfg = Debug|ARM
		{82B66920-ECC7-49AE-B665-2CB24F9AA93A}.Debug|ARM.Build.0 = Debug|ARM
		{82B66920-ECC7-49AE-B665-2CB24F9AA93A}.Debug|ARM.Deploy.0 = Debug|ARM
		{82B66920-ECC7-49AE-B665-2CB24F9AA93A}.Debug|iPhone.ActiveCfg = Debug|x86
		{82B66920-ECC7-49AE-B665-2CB24F9AA93A}.Debug|iPhone.Build.0 = Debug|x86
		{82B66920-ECC7-49AE-B665-2CB24F9AA93A}.Debug|iPhone.Deploy.0 = Debug|x86
		{82B66920-ECC7-49AE-B665-2CB24F9AA93A}.Debug|iPhoneSimulator.ActiveCfg = Debug|x86
		{82B66920-ECC7-49AE-B665-2CB24F9AA93A}.Debug|iPhoneSimulator.Build.0 = Debug|x86
		{82B66920-ECC7-49AE-B665-2CB24F9AA93A}.Debug|iPhoneSimulator.Deploy.0 = Debug|x86
		{82B66920-ECC7-49AE-B665-2CB24F9AA93A}.Debug|x64.ActiveCfg = Debug|x64
		{82B66920-ECC7-49AE-B665-2CB24F9AA93A}.Debug|x64.Build.0 = Debug|x64
		{82B66920-ECC7-49AE-B665-2CB24F9AA93A}.Debug|x64.Deploy.0 = Debug|x64
		{82B66920-ECC7-49AE-B665-2CB24F9AA93A}.Debug|x86.ActiveCfg = Debug|x86
		{82B66920-ECC7-49AE-B665-2CB24F9AA93A}.Debug|x86.Build.0 = Debug|x86
		{82B66920-ECC7-49AE-B665-2CB24F9AA93A}.Debug|x86.Deploy.0 = Debug|x86
		{82B66920-ECC7-49AE-B665-2CB24F9AA93A}.Release|Any CPU.ActiveCfg = Release|x86
		{82B66920-ECC7-49AE-B665-2CB24F9AA93A}.Release|Any CPU.Build.0 = Release|x86
		{82B66920-ECC7-49AE-B665-2CB24F9AA93A}.Release|Any CPU.Deploy.0 = Release|x86
		{82B66920-ECC7-49AE-B665-2CB24F9AA93A}.Release|ARM.ActiveCfg = Release|ARM
		{82B66920-ECC7-49AE-B665-2CB24F9AA93A}.Release|ARM.Build.0 = Release|ARM
		{82B66920-ECC7-49AE-B665-2CB24F9AA93A}.Release|ARM.Deploy.0 = Release|ARM
		{82B66920-ECC7-49AE-B665-2CB24F9AA93A}.Release|iPhone.ActiveCfg = Release|x86
		{82B66920-ECC7-49AE-B665-2CB24F9AA93A}.Release|iPhone.Build.0 = Release|x86
		{82B66920-ECC7-49AE-B665-2CB24F9AA93A}.Release|iPhone.Deploy.0 = Release|x86
		{82B66920-ECC7-49AE-B665-2CB24F9AA93A}.Release|iPhoneSimulator.ActiveCfg = Release|x86
		{82B66920-ECC7-49AE-B665-2CB24F9AA93A}.Release|iPhoneSimulator.Build.0 = Release|x86
		{82B66920-ECC7-49AE-B665-2CB24F9AA93A}.Release|iPhoneSimulator.Deploy.0 = Release|x86
		{82B66920-ECC7-49AE-B665-2CB24F9AA93A}.Release|x64.ActiveCfg = Release|x64
		{82B66920-ECC7-49AE-B665-2CB24F9AA93A}.Release|x64.Build.0 = Release|x64
		{82B66920-ECC7-49AE-B665-2CB24F9AA93A}.Release|x64.Deploy.0 = Release|x64
		{82B66920-ECC7-49AE-B665-2CB24F9AA93A}.Release|x86.ActiveCfg = Release|x86
		{82B66920-ECC7-49AE-B665-2CB24F9AA93A}.Release|x86.Build.0 = Release|x86
		{82B66920-ECC7-49AE-B665-2CB24F9AA93A}.Release|x86.Deploy.0 = Release|x86
		{6ED9E8D7-AD17-4F5A-96D9-9915E7CCFEAA}.Ad-Hoc|Any CPU.ActiveCfg = Debug|Any CPU
		{6ED9E8D7-AD17-4F5A-96D9-9915E7CCFEAA}.Ad-Hoc|Any CPU.Build.0 = Debug|Any CPU
		{6ED9E8D7-AD17-4F5A-96D9-9915E7CCFEAA}.Ad-Hoc|Any CPU.Deploy.0 = Debug|Any CPU
		{6ED9E8D7-AD17-4F5A-96D9-9915E7CCFEAA}.Ad-Hoc|ARM.ActiveCfg = Debug|Any CPU
		{6ED9E8D7-AD17-4F5A-96D9-9915E7CCFEAA}.Ad-Hoc|ARM.Build.0 = Debug|Any CPU
		{6ED9E8D7-AD17-4F5A-96D9-9915E7CCFEAA}.Ad-Hoc|ARM.Deploy.0 = Debug|Any CPU
		{6ED9E8D7-AD17-4F5A-96D9-9915E7CCFEAA}.Ad-Hoc|iPhone.ActiveCfg = Debug|Any CPU
		{6ED9E8D7-AD17-4F5A-96D9-9915E7CCFEAA}.Ad-Hoc|iPhone.Build.0 = Debug|Any CPU
		{6ED9E8D7-AD17-4F5A-96D9-9915E7CCFEAA}.Ad-Hoc|iPhone.Deploy.0 = Debug|Any CPU
		{6ED9E8D7-AD17-4F5A-96D9-9915E7CCFEAA}.Ad-Hoc|iPhoneSimulator.ActiveCfg = Debug|Any CPU
		{6ED9E8D7-AD17-4F5A-96D9-9915E7CCFEAA}.Ad-Hoc|iPhoneSimulator.Build.0 = Debug|Any CPU
		{6ED9E8D7-AD17-4F5A-96D9-9915E7CCFEAA}.Ad-Hoc|iPhoneSimulator.Deploy.0 = Debug|Any CPU
		{6ED9E8D7-AD17-4F5A-96D9-9915E7CCFEAA}.Ad-Hoc|x64.ActiveCfg = Debug|Any CPU
		{6ED9E8D7-AD17-4F5A-96D9-9915E7CCFEAA}.Ad-Hoc|x64.Build.0 = Debug|Any CPU
		{6ED9E8D7-AD17-4F5A-96D9-9915E7CCFEAA}.Ad-Hoc|x64.Deploy.0 = Debug|Any CPU
		{6ED9E8D7-AD17-4F5A-96D9-9915E7CCFEAA}.Ad-Hoc|x86.ActiveCfg = Debug|Any CPU
		{6ED9E8D7-AD17-4F5A-96D9-9915E7CCFEAA}.Ad-Hoc|x86.Build.0 = Debug|Any CPU
		{6ED9E8D7-AD17-4F5A-96D9-9915E7CCFEAA}.Ad-Hoc|x86.Deploy.0 = Debug|Any CPU
		{6ED9E8D7-AD17-4F5A-96D9-9915E7CCFEAA}.AppStore|Any CPU.ActiveCfg = Debug|Any CPU
		{6ED9E8D7-AD17-4F5A-96D9-9915E7CCFEAA}.AppStore|Any CPU.Build.0 = Debug|Any CPU
		{6ED9E8D7-AD17-4F5A-96D9-9915E7CCFEAA}.AppStore|Any CPU.Deploy.0 = Debug|Any CPU
		{6ED9E8D7-AD17-4F5A-96D9-9915E7CCFEAA}.AppStore|ARM.ActiveCfg = Debug|Any CPU
		{6ED9E8D7-AD17-4F5A-96D9-9915E7CCFEAA}.AppStore|ARM.Build.0 = Debug|Any CPU
		{6ED9E8D7-AD17-4F5A-96D9-9915E7CCFEAA}.AppStore|ARM.Deploy.0 = Debug|Any CPU
		{6ED9E8D7-AD17-4F5A-96D9-9915E7CCFEAA}.AppStore|iPhone.ActiveCfg = Debug|Any CPU
		{6ED9E8D7-AD17-4F5A-96D9-9915E7CCFEAA}.AppStore|iPhone.Build.0 = Debug|Any CPU
		{6ED9E8D7-AD17-4F5A-96D9-9915E7CCFEAA}.AppStore|iPhone.Deploy.0 = Debug|Any CPU
		{6ED9E8D7-AD17-4F5A-96D9-9915E7CCFEAA}.AppStore|iPhoneSimulator.ActiveCfg = Debug|Any CPU
		{6ED9E8D7-AD17-4F5A-96D9-9915E7CCFEAA}.AppStore|iPhoneSimulator.Build.0 = Debug|Any CPU
		{6ED9E8D7-AD17-4F5A-96D9-9915E7CCFEAA}.AppStore|iPhoneSimulator.Deploy.0 = Debug|Any CPU
		{6ED9E8D7-AD17-4F5A-96D9-9915E7CCFEAA}.AppStore|x64.ActiveCfg = Debug|Any CPU
		{6ED9E8D7-AD17-4F5A-96D9-9915E7CCFEAA}.AppStore|x64.Build.0 = Debug|Any CPU
		{6ED9E8D7-AD17-4F5A-96D9-9915E7CCFEAA}.AppStore|x64.Deploy.0 = Debug|Any CPU
		{6ED9E8D7-AD17-4F5A-96D9-9915E7CCFEAA}.AppStore|x86.ActiveCfg = Debug|Any CPU
		{6ED9E8D7-AD17-4F5A-96D9-9915E7CCFEAA}.AppStore|x86.Build.0 = Debug|Any CPU
		{6ED9E8D7-AD17-4F5A-96D9-9915E7CCFEAA}.AppStore|x86.Deploy.0 = Debug|Any CPU
		{6ED9E8D7-AD17-4F5A-96D9-9915E7CCFEAA}.Debug|Any CPU.ActiveCfg = Debug|Any CPU
		{6ED9E8D7-AD17-4F5A-96D9-9915E7CCFEAA}.Debug|Any CPU.Build.0 = Debug|Any CPU
		{6ED9E8D7-AD17-4F5A-96D9-9915E7CCFEAA}.Debug|Any CPU.Deploy.0 = Debug|Any CPU
		{6ED9E8D7-AD17-4F5A-96D9-9915E7CCFEAA}.Debug|ARM.ActiveCfg = Debug|Any CPU
		{6ED9E8D7-AD17-4F5A-96D9-9915E7CCFEAA}.Debug|ARM.Build.0 = Debug|Any CPU
		{6ED9E8D7-AD17-4F5A-96D9-9915E7CCFEAA}.Debug|ARM.Deploy.0 = Debug|Any CPU
		{6ED9E8D7-AD17-4F5A-96D9-9915E7CCFEAA}.Debug|iPhone.ActiveCfg = Debug|Any CPU
		{6ED9E8D7-AD17-4F5A-96D9-9915E7CCFEAA}.Debug|iPhone.Build.0 = Debug|Any CPU
		{6ED9E8D7-AD17-4F5A-96D9-9915E7CCFEAA}.Debug|iPhone.Deploy.0 = Debug|Any CPU
		{6ED9E8D7-AD17-4F5A-96D9-9915E7CCFEAA}.Debug|iPhoneSimulator.ActiveCfg = Debug|Any CPU
		{6ED9E8D7-AD17-4F5A-96D9-9915E7CCFEAA}.Debug|iPhoneSimulator.Build.0 = Debug|Any CPU
		{6ED9E8D7-AD17-4F5A-96D9-9915E7CCFEAA}.Debug|iPhoneSimulator.Deploy.0 = Debug|Any CPU
		{6ED9E8D7-AD17-4F5A-96D9-9915E7CCFEAA}.Debug|x64.ActiveCfg = Debug|Any CPU
		{6ED9E8D7-AD17-4F5A-96D9-9915E7CCFEAA}.Debug|x64.Build.0 = Debug|Any CPU
		{6ED9E8D7-AD17-4F5A-96D9-9915E7CCFEAA}.Debug|x64.Deploy.0 = Debug|Any CPU
		{6ED9E8D7-AD17-4F5A-96D9-9915E7CCFEAA}.Debug|x86.ActiveCfg = Debug|Any CPU
		{6ED9E8D7-AD17-4F5A-96D9-9915E7CCFEAA}.Debug|x86.Build.0 = Debug|Any CPU
		{6ED9E8D7-AD17-4F5A-96D9-9915E7CCFEAA}.Debug|x86.Deploy.0 = Debug|Any CPU
		{6ED9E8D7-AD17-4F5A-96D9-9915E7CCFEAA}.Release|Any CPU.ActiveCfg = Release|Any CPU
		{6ED9E8D7-AD17-4F5A-96D9-9915E7CCFEAA}.Release|Any CPU.Build.0 = Release|Any CPU
		{6ED9E8D7-AD17-4F5A-96D9-9915E7CCFEAA}.Release|Any CPU.Deploy.0 = Release|Any CPU
		{6ED9E8D7-AD17-4F5A-96D9-9915E7CCFEAA}.Release|ARM.ActiveCfg = Release|Any CPU
		{6ED9E8D7-AD17-4F5A-96D9-9915E7CCFEAA}.Release|ARM.Build.0 = Release|Any CPU
		{6ED9E8D7-AD17-4F5A-96D9-9915E7CCFEAA}.Release|ARM.Deploy.0 = Release|Any CPU
		{6ED9E8D7-AD17-4F5A-96D9-9915E7CCFEAA}.Release|iPhone.ActiveCfg = Release|Any CPU
		{6ED9E8D7-AD17-4F5A-96D9-9915E7CCFEAA}.Release|iPhone.Build.0 = Release|Any CPU
		{6ED9E8D7-AD17-4F5A-96D9-9915E7CCFEAA}.Release|iPhone.Deploy.0 = Release|Any CPU
		{6ED9E8D7-AD17-4F5A-96D9-9915E7CCFEAA}.Release|iPhoneSimulator.ActiveCfg = Release|Any CPU
		{6ED9E8D7-AD17-4F5A-96D9-9915E7CCFEAA}.Release|iPhoneSimulator.Build.0 = Release|Any CPU
		{6ED9E8D7-AD17-4F5A-96D9-9915E7CCFEAA}.Release|iPhoneSimulator.Deploy.0 = Release|Any CPU
		{6ED9E8D7-AD17-4F5A-96D9-9915E7CCFEAA}.Release|x64.ActiveCfg = Release|Any CPU
		{6ED9E8D7-AD17-4F5A-96D9-9915E7CCFEAA}.Release|x64.Build.0 = Release|Any CPU
		{6ED9E8D7-AD17-4F5A-96D9-9915E7CCFEAA}.Release|x64.Deploy.0 = Release|Any CPU
		{6ED9E8D7-AD17-4F5A-96D9-9915E7CCFEAA}.Release|x86.ActiveCfg = Release|Any CPU
		{6ED9E8D7-AD17-4F5A-96D9-9915E7CCFEAA}.Release|x86.Build.0 = Release|Any CPU
		{6ED9E8D7-AD17-4F5A-96D9-9915E7CCFEAA}.Release|x86.Deploy.0 = Release|Any CPU
	EndGlobalSection
	GlobalSection(SolutionProperties) = preSolution
		HideSolutionNode = FALSE
	EndGlobalSection
	GlobalSection(ExtensibilityGlobals) = postSolution
		SolutionGuid = {EDB80C22-B988-4EA4-BFBB-DDA794C6272A}
	EndGlobalSection
EndGlobal
